
Microsoft Visual Studio Solution File, Format Version 12.00
# Visual Studio Version 16
VisualStudioVersion = 16.0.30320.27
MinimumVisualStudioVersion = 10.0.40219.1
Project("{FAE04EC0-301F-11D3-BF4B-00C04F79EFBC}") = "WpfApp2", "WpfApp2\WpfApp2.csproj", "{DD92DA33-0777-48EF-9C9C-757D55F8AC93}"
EndProject
Global
	GlobalSection(SolutionConfigurationPlatforms) = preSolution
		Debug|Any CPU = Debug|Any CPU
		Release|Any CPU = Release|Any CPU
	EndGlobalSection
	GlobalSection(ProjectConfigurationPlatforms) = postSolution
		{DD92DA33-0777-48EF-9C9C-757D55F8AC93}.Debug|Any CPU.ActiveCfg = Debug|Any CPU
		{DD92DA33-0777-48EF-9C9C-757D55F8AC93}.Debug|Any CPU.Build.0 = Debug|Any CPU
		{DD92DA33-0777-48EF-9C9C-757D55F8AC93}.Release|Any CPU.ActiveCfg = Release|Any CPU
		{DD92DA33-0777-48EF-9C9C-757D55F8AC93}.Release|Any CPU.Build.0 = Release|Any CPU
	EndGlobalSection
	GlobalSection(SolutionProperties) = preSolution
		HideSolutionNode = FALSE
	EndGlobalSection
	GlobalSection(ExtensibilityGlobals) = postSolution
		SolutionGuid = {971B3632-A062-4EE6-964F-268A49834394}
	EndGlobalSection
EndGlobal
